
Microsoft Visual Studio Solution File, Format Version 12.00
# Visual Studio Version 17
VisualStudioVersion = 17.6.33801.468
MinimumVisualStudioVersion = 10.0.40219.1
Project("{8BC9CEB8-8B4A-11D0-8D11-00A0C91BC942}") = "midterm", "midterm.vcxproj", "{F899FBE7-6E4B-4833-B51E-C9F1F5ECAD0A}"
EndProject
Global
	GlobalSection(SolutionConfigurationPlatforms) = preSolution
		Debug|x64 = Debug|x64
		Debug|x86 = Debug|x86
		Release|x64 = Release|x64
		Release|x86 = Release|x86
	EndGlobalSection
	GlobalSection(ProjectConfigurationPlatforms) = postSolution
		{F899FBE7-6E4B-4833-B51E-C9F1F5ECAD0A}.Debug|x64.ActiveCfg = Debug|x64
		{F899FBE7-6E4B-4833-B51E-C9F1F5ECAD0A}.Debug|x64.Build.0 = Debug|x64
		{F899FBE7-6E4B-4833-B51E-C9F1F5ECAD0A}.Debug|x86.ActiveCfg = Debug|Win32
		{F899FBE7-6E4B-4833-B51E-C9F1F5ECAD0A}.Debug|x86.Build.0 = Debug|Win32
		{F899FBE7-6E4B-4833-B51E-C9F1F5ECAD0A}.Release|x64.ActiveCfg = Release|x64
		{F899FBE7-6E4B-4833-B51E-C9F1F5ECAD0A}.Release|x64.Build.0 = Release|x64
		{F899FBE7-6E4B-4833-B51E-C9F1F5ECAD0A}.Release|x86.ActiveCfg = Release|Win32
		{F899FBE7-6E4B-4833-B51E-C9F1F5ECAD0A}.Release|x86.Build.0 = Release|Win32
	EndGlobalSection
	GlobalSection(SolutionProperties) = preSolution
		HideSolutionNode = FALSE
	EndGlobalSection
	GlobalSection(ExtensibilityGlobals) = postSolution
		SolutionGuid = {D0075548-2C59-4BF6-BC6A-3F45EBC563E0}
	EndGlobalSection
EndGlobal
